
Microsoft Visual Studio Solution File, Format Version 12.00
# Visual Studio Version 16
VisualStudioVersion = 16.0.29920.165
MinimumVisualStudioVersion = 10.0.40219.1
Project("{9A19103F-16F7-4668-BE54-9A1E7A4F7556}") = "Heikal.Lubricant.api", "Heikal.Lubricant.api.csproj", "{62C9206A-CDBE-49A4-B0EC-EA4D683CDE21}"
EndProject
Project("{9A19103F-16F7-4668-BE54-9A1E7A4F7556}") = "Heikal.Lubricant.LoggerService", "..\Lubricant.LoggerService\Heikal.Lubricant.LoggerService.csproj", "{0CCDE4F4-55ED-4789-A05D-CC2ACC4C2FB5}"
EndProject
Project("{9A19103F-16F7-4668-BE54-9A1E7A4F7556}") = "Heikal.Lubricant.Core", "..\Heikal.Lubricant.Core\Heikal.Lubricant.Core.csproj", "{1173B318-9335-4F67-A924-6131779BE39E}"
EndProject
Project("{FAE04EC0-301F-11D3-BF4B-00C04F79EFBC}") = "Heikal.Lubricant.Infrastructure", "..\Heikal.Lubricant.Infrastructure\Heikal.Lubricant.Infrastructure.csproj", "{4B2FBAC4-0FBB-4D4A-A8B7-36EA45B0568A}"
EndProject
Global
	GlobalSection(SolutionConfigurationPlatforms) = preSolution
		Debug|Any CPU = Debug|Any CPU
		Release|Any CPU = Release|Any CPU
	EndGlobalSection
	GlobalSection(ProjectConfigurationPlatforms) = postSolution
		{62C9206A-CDBE-49A4-B0EC-EA4D683CDE21}.Debug|Any CPU.ActiveCfg = Debug|Any CPU
		{62C9206A-CDBE-49A4-B0EC-EA4D683CDE21}.Debug|Any CPU.Build.0 = Debug|Any CPU
		{62C9206A-CDBE-49A4-B0EC-EA4D683CDE21}.Release|Any CPU.ActiveCfg = Release|Any CPU
		{62C9206A-CDBE-49A4-B0EC-EA4D683CDE21}.Release|Any CPU.Build.0 = Release|Any CPU
		{0CCDE4F4-55ED-4789-A05D-CC2ACC4C2FB5}.Debug|Any CPU.ActiveCfg = Debug|Any CPU
		{0CCDE4F4-55ED-4789-A05D-CC2ACC4C2FB5}.Debug|Any CPU.Build.0 = Debug|Any CPU
		{0CCDE4F4-55ED-4789-A05D-CC2ACC4C2FB5}.Release|Any CPU.ActiveCfg = Release|Any CPU
		{0CCDE4F4-55ED-4789-A05D-CC2ACC4C2FB5}.Release|Any CPU.Build.0 = Release|Any CPU
		{1173B318-9335-4F67-A924-6131779BE39E}.Debug|Any CPU.ActiveCfg = Debug|Any CPU
		{1173B318-9335-4F67-A924-6131779BE39E}.Debug|Any CPU.Build.0 = Debug|Any CPU
		{1173B318-9335-4F67-A924-6131779BE39E}.Release|Any CPU.ActiveCfg = Release|Any CPU
		{1173B318-9335-4F67-A924-6131779BE39E}.Release|Any CPU.Build.0 = Release|Any CPU
		{4B2FBAC4-0FBB-4D4A-A8B7-36EA45B0568A}.Debug|Any CPU.ActiveCfg = Debug|Any CPU
		{4B2FBAC4-0FBB-4D4A-A8B7-36EA45B0568A}.Debug|Any CPU.Build.0 = Debug|Any CPU
		{4B2FBAC4-0FBB-4D4A-A8B7-36EA45B0568A}.Release|Any CPU.ActiveCfg = Release|Any CPU
		{4B2FBAC4-0FBB-4D4A-A8B7-36EA45B0568A}.Release|Any CPU.Build.0 = Release|Any CPU
	EndGlobalSection
	GlobalSection(SolutionProperties) = preSolution
		HideSolutionNode = FALSE
	EndGlobalSection
	GlobalSection(ExtensibilityGlobals) = postSolution
		SolutionGuid = {F0ADA5D2-34C3-4E18-A637-7D4D2FA2E2F4}
	EndGlobalSection
EndGlobal
